
Microsoft Visual Studio Solution File, Format Version 12.00
# Visual Studio Version 16
VisualStudioVersion = 16.0.30711.63
MinimumVisualStudioVersion = 10.0.40219.1
Project("{8BC9CEB8-8B4A-11D0-8D11-00A0C91BC942}") = "MASM12", "MASM12\MASM12.vcxproj", "{7F153D0E-89DD-41A2-87F9-EDCB01FAA98D}"
EndProject
Global
	GlobalSection(SolutionConfigurationPlatforms) = preSolution
		Debug|x64 = Debug|x64
		Debug|x86 = Debug|x86
		Release|x64 = Release|x64
		Release|x86 = Release|x86
	EndGlobalSection
	GlobalSection(ProjectConfigurationPlatforms) = postSolution
		{7F153D0E-89DD-41A2-87F9-EDCB01FAA98D}.Debug|x64.ActiveCfg = Debug|x64
		{7F153D0E-89DD-41A2-87F9-EDCB01FAA98D}.Debug|x64.Build.0 = Debug|x64
		{7F153D0E-89DD-41A2-87F9-EDCB01FAA98D}.Debug|x86.ActiveCfg = Debug|Win32
		{7F153D0E-89DD-41A2-87F9-EDCB01FAA98D}.Debug|x86.Build.0 = Debug|Win32
		{7F153D0E-89DD-41A2-87F9-EDCB01FAA98D}.Release|x64.ActiveCfg = Release|x64
		{7F153D0E-89DD-41A2-87F9-EDCB01FAA98D}.Release|x64.Build.0 = Release|x64
		{7F153D0E-89DD-41A2-87F9-EDCB01FAA98D}.Release|x86.ActiveCfg = Release|Win32
		{7F153D0E-89DD-41A2-87F9-EDCB01FAA98D}.Release|x86.Build.0 = Release|Win32
	EndGlobalSection
	GlobalSection(SolutionProperties) = preSolution
		HideSolutionNode = FALSE
	EndGlobalSection
	GlobalSection(ExtensibilityGlobals) = postSolution
		SolutionGuid = {B7C9C503-9801-4DB9-B345-3B23D9A6694A}
	EndGlobalSection
EndGlobal
